// !$*UTF8*$!
{
	archiveVersion = 1;
	classes = {
	};
	objectVersion = 50;
	objects = {

/* Begin PBXBuildFile section */
		AB16DE6920ACCB5A002EF6E6 /* b.framework in Frameworks */ = {isa = PBXBuildFile; fileRef = AB16DE5F20ACCB59002EF6E6 /* b.framework */; };
		AB16DE6E20ACCB5A002EF6E6 /* bTests.swift in Sources */ = {isa = PBXBuildFile; fileRef = AB16DE6D20ACCB5A002EF6E6 /* bTests.swift */; };
		AB16DE7020ACCB5A002EF6E6 /* b.h in Headers */ = {isa = PBXBuildFile; fileRef = AB16DE6220ACCB5A002EF6E6 /* b.h */; settings = {ATTRIBUTES = (Public, ); }; };
		AB16DE7A20ACCC6D002EF6E6 /* b.swift in Sources */ = {isa = PBXBuildFile; fileRef = AB16DE7920ACCC6D002EF6E6 /* b.swift */; };
/* End PBXBuildFile section */

/* Begin PBXContainerItemProxy section */
		AB16DE6A20ACCB5A002EF6E6 /* PBXContainerItemProxy */ = {
			isa = PBXContainerItemProxy;
			containerPortal = AB16DE5620ACCB59002EF6E6 /* Project object */;
			proxyType = 1;
			remoteGlobalIDString = AB16DE5E20ACCB59002EF6E6;
			remoteInfo = b;
		};
/* End PBXContainerItemProxy section */

/* Begin PBXFileReference section */
		AB16DE5F20ACCB59002EF6E6 /* b.framework */ = {isa = PBXFileReference; explicitFileType = wrapper.framework; includeInIndex = 0; path = b.framework; sourceTree = BUILT_PRODUCTS_DIR; };
		AB16DE6220ACCB5A002EF6E6 /* b.h */ = {isa = PBXFileReference; lastKnownFileType = sourcecode.c.h; path = b.h; sourceTree = "<group>"; };
		AB16DE6320ACCB5A002EF6E6 /* Info.plist */ = {isa = PBXFileReference; lastKnownFileType = text.plist.xml; path = Info.plist; sourceTree = "<group>"; };
		AB16DE6820ACCB5A002EF6E6 /* bTests.xctest */ = {isa = PBXFileReference; explicitFileType = wrapper.cfbundle; includeInIndex = 0; path = bTests.xctest; sourceTree = BUILT_PRODUCTS_DIR; };
		AB16DE6D20ACCB5A002EF6E6 /* bTests.swift */ = {isa = PBXFileReference; lastKnownFileType = sourcecode.swift; path = bTests.swift; sourceTree = "<group>"; };
		AB16DE6F20ACCB5A002EF6E6 /* Info.plist */ = {isa = PBXFileReference; lastKnownFileType = text.plist.xml; path = Info.plist; sourceTree = "<group>"; };
		AB16DE7920ACCC6D002EF6E6 /* b.swift */ = {isa = PBXFileReference; lastKnownFileType = sourcecode.swift; path = b.swift; sourceTree = "<group>"; };
/* End PBXFileReference section */

/* Begin PBXFrameworksBuildPhase section */
		AB16DE5B20ACCB59002EF6E6 /* Frameworks */ = {
			isa = PBXFrameworksBuildPhase;
			buildActionMask = 2147483647;
			files = (
			);
			runOnlyForDeploymentPostprocessing = 0;
		};
		AB16DE6520ACCB5A002EF6E6 /* Frameworks */ = {
			isa = PBXFrameworksBuildPhase;
			buildActionMask = 2147483647;
			files = (
				AB16DE6920ACCB5A002EF6E6 /* b.framework in Frameworks */,
			);
			runOnlyForDeploymentPostprocessing = 0;
		};
/* End PBXFrameworksBuildPhase section */

/* Begin PBXGroup section */
		AB16DE5520ACCB59002EF6E6 = {
			isa = PBXGroup;
			children = (
				AB16DE6120ACCB59002EF6E6 /* b */,
				AB16DE6C20ACCB5A002EF6E6 /* bTests */,
				AB16DE6020ACCB59002EF6E6 /* Products */,
			);
			sourceTree = "<group>";
		};
		AB16DE6020ACCB59002EF6E6 /* Products */ = {
			isa = PBXGroup;
			children = (
				AB16DE5F20ACCB59002EF6E6 /* b.framework */,
				AB16DE6820ACCB5A002EF6E6 /* bTests.xctest */,
			);
			name = Products;
			sourceTree = "<group>";
		};
		AB16DE6120ACCB59002EF6E6 /* b */ = {
			isa = PBXGroup;
			children = (
				AB16DE6220ACCB5A002EF6E6 /* b.h */,
				AB16DE6320ACCB5A002EF6E6 /* Info.plist */,
				AB16DE7920ACCC6D002EF6E6 /* b.swift */,
			);
			path = b;
			sourceTree = "<group>";
		};
		AB16DE6C20ACCB5A002EF6E6 /* bTests */ = {
			isa = PBXGroup;
			children = (
				AB16DE6D20ACCB5A002EF6E6 /* bTests.swift */,
				AB16DE6F20ACCB5A002EF6E6 /* Info.plist */,
			);
			path = bTests;
			sourceTree = "<group>";
		};
/* End PBXGroup section */

/* Begin PBXHeadersBuildPhase section */
		AB16DE5C20ACCB59002EF6E6 /* Headers */ = {
			isa = PBXHeadersBuildPhase;
			buildActionMask = 2147483647;
			files = (
				AB16DE7020ACCB5A002EF6E6 /* b.h in Headers */,
			);
			runOnlyForDeploymentPostprocessing = 0;
		};
/* End PBXHeadersBuildPhase section */

/* Begin PBXNativeTarget section */
		AB16DE5E20ACCB59002EF6E6 /* b */ = {
			isa = PBXNativeTarget;
			buildConfigurationList = AB16DE7320ACCB5A002EF6E6 /* Build configuration list for PBXNativeTarget "b" */;
			buildPhases = (
				AB16DE5A20ACCB59002EF6E6 /* Sources */,
				AB16DE5B20ACCB59002EF6E6 /* Frameworks */,
				AB16DE5C20ACCB59002EF6E6 /* Headers */,
				AB16DE5D20ACCB59002EF6E6 /* Resources */,
			);
			buildRules = (
			);
			dependencies = (
			);
			name = b;
			productName = b;
			productReference = AB16DE5F20ACCB59002EF6E6 /* b.framework */;
			productType = "com.apple.product-type.framework";
		};
		AB16DE6720ACCB5A002EF6E6 /* bTests */ = {
			isa = PBXNativeTarget;
			buildConfigurationList = AB16DE7620ACCB5A002EF6E6 /* Build configuration list for PBXNativeTarget "bTests" */;
			buildPhases = (
				AB16DE6420ACCB5A002EF6E6 /* Sources */,
				AB16DE6520ACCB5A002EF6E6 /* Frameworks */,
				AB16DE6620ACCB5A002EF6E6 /* Resources */,
			);
			buildRules = (
			);
			dependencies = (
				AB16DE6B20ACCB5A002EF6E6 /* PBXTargetDependency */,
			);
			name = bTests;
			productName = bTests;
			productReference = AB16DE6820ACCB5A002EF6E6 /* bTests.xctest */;
			productType = "com.apple.product-type.bundle.unit-test";
		};
/* End PBXNativeTarget section */

/* Begin PBXProject section */
		AB16DE5620ACCB59002EF6E6 /* Project object */ = {
			isa = PBXProject;
			attributes = {
				LastSwiftUpdateCheck = 0930;
				LastUpgradeCheck = 0930;
				TargetAttributes = {
					AB16DE5E20ACCB59002EF6E6 = {
						CreatedOnToolsVersion = 9.3;
						LastSwiftMigration = 0930;
					};
					AB16DE6720ACCB5A002EF6E6 = {
						CreatedOnToolsVersion = 9.3;
					};
				};
			};
			buildConfigurationList = AB16DE5920ACCB59002EF6E6 /* Build configuration list for PBXProject "b" */;
			compatibilityVersion = "Xcode 9.3";
			developmentRegion = en;
			hasScannedForEncodings = 0;
			knownRegions = (
				en,
			);
			mainGroup = AB16DE5520ACCB59002EF6E6;
			productRefGroup = AB16DE6020ACCB59002EF6E6 /* Products */;
			projectDirPath = "";
			projectRoot = "";
			targets = (
				AB16DE5E20ACCB59002EF6E6 /* b */,
				AB16DE6720ACCB5A002EF6E6 /* bTests */,
			);
		};
/* End PBXProject section */

/* Begin PBXResourcesBuildPhase section */
		AB16DE5D20ACCB59002EF6E6 /* Resources */ = {
			isa = PBXResourcesBuildPhase;
			buildActionMask = 2147483647;
			files = (
			);
			runOnlyForDeploymentPostprocessing = 0;
		};
		AB16DE6620ACCB5A002EF6E6 /* Resources */ = {
			isa = PBXResourcesBuildPhase;
			buildActionMask = 2147483647;
			files = (
			);
			runOnlyForDeploymentPostprocessing = 0;
		};
/* End PBXResourcesBuildPhase section */

/* Begin PBXSourcesBuildPhase section */
		AB16DE5A20ACCB59002EF6E6 /* Sources */ = {
			isa = PBXSourcesBuildPhase;
			buildActionMask = 2147483647;
			files = (
				AB16DE7A20ACCC6D002EF6E6 /* b.swift in Sources */,
			);
			runOnlyForDeploymentPostprocessing = 0;
		};
		AB16DE6420ACCB5A002EF6E6 /* Sources */ = {
			isa = PBXSourcesBuildPhase;
			buildActionMask = 2147483647;
			files = (
				AB16DE6E20ACCB5A002EF6E6 /* bTests.swift in Sources */,
			);
			runOnlyForDeploymentPostprocessing = 0;
		};
/* End PBXSourcesBuildPhase section */

/* Begin PBXTargetDependency section */
		AB16DE6B20ACCB5A002EF6E6 /* PBXTargetDependency */ = {
			isa = PBXTargetDependency;
			target = AB16DE5E20ACCB59002EF6E6 /* b */;
			targetProxy = AB16DE6A20ACCB5A002EF6E6 /* PBXContainerItemProxy */;
		};
/* End PBXTargetDependency section */

/* Begin XCBuildConfiguration section */
		AB16DE7120ACCB5A002EF6E6 /* Debug */ = {
			isa = XCBuildConfiguration;
			buildSettings = {
				ALWAYS_SEARCH_USER_PATHS = NO;
				CLANG_ANALYZER_NONNULL = YES;
				CLANG_ANALYZER_NUMBER_OBJECT_CONVERSION = YES_AGGRESSIVE;
				CLANG_CXX_LANGUAGE_STANDARD = "gnu++14";
				CLANG_CXX_LIBRARY = "libc++";
				CLANG_ENABLE_MODULES = YES;
				CLANG_ENABLE_OBJC_ARC = YES;
				CLANG_ENABLE_OBJC_WEAK = YES;
				CLANG_WARN_BLOCK_CAPTURE_AUTORELEASING = YES;
				CLANG_WARN_BOOL_CONVERSION = YES;
				CLANG_WARN_COMMA = YES;
				CLANG_WARN_CONSTANT_CONVERSION = YES;
				CLANG_WARN_DEPRECATED_OBJC_IMPLEMENTATIONS = YES;
				CLANG_WARN_DIRECT_OBJC_ISA_USAGE = YES_ERROR;
				CLANG_WARN_DOCUMENTATION_COMMENTS = YES;
				CLANG_WARN_EMPTY_BODY = YES;
				CLANG_WARN_ENUM_CONVERSION = YES;
				CLANG_WARN_INFINITE_RECURSION = YES;
				CLANG_WARN_INT_CONVERSION = YES;
				CLANG_WARN_NON_LITERAL_NULL_CONVERSION = YES;
				CLANG_WARN_OBJC_IMPLICIT_RETAIN_SELF = YES;
				CLANG_WARN_OBJC_LITERAL_CONVERSION = YES;
				CLANG_WARN_OBJC_ROOT_CLASS = YES_ERROR;
				CLANG_WARN_RANGE_LOOP_ANALYSIS = YES;
				CLANG_WARN_STRICT_PROTOTYPES = YES;
				CLANG_WARN_SUSPICIOUS_MOVE = YES;
				CLANG_WARN_UNGUARDED_AVAILABILITY = YES_AGGRESSIVE;
				CLANG_WARN_UNREACHABLE_CODE = YES;
				CLANG_WARN__DUPLICATE_METHOD_MATCH = YES;
				CODE_SIGN_IDENTITY = "iPhone Developer";
				COPY_PHASE_STRIP = NO;
				CURRENT_PROJECT_VERSION = 1;
				DEBUG_INFORMATION_FORMAT = dwarf;
				ENABLE_STRICT_OBJC_MSGSEND = YES;
				ENABLE_TESTABILITY = YES;
				GCC_C_LANGUAGE_STANDARD = gnu11;
				GCC_DYNAMIC_NO_PIC = NO;
				GCC_NO_COMMON_BLOCKS = YES;
				GCC_OPTIMIZATION_LEVEL = 0;
				GCC_PREPROCESSOR_DEFINITIONS = (
					"DEBUG=1",
					"$(inherited)",
				);
				GCC_WARN_64_TO_32_BIT_CONVERSION = YES;
				GCC_WARN_ABOUT_RETURN_TYPE = YES_ERROR;
				GCC_WARN_UNDECLARED_SELECTOR = YES;
				GCC_WARN_UNINITIALIZED_AUTOS = YES_AGGRESSIVE;
				GCC_WARN_UNUSED_FUNCTION = YES;
				GCC_WARN_UNUSED_VARIABLE = YES;
				IPHONEOS_DEPLOYMENT_TARGET = 11.3;
				MTL_ENABLE_DEBUG_INFO = YES;
				ONLY_ACTIVE_ARCH = YES;
				SDKROOT = iphoneos;
				SWIFT_ACTIVE_COMPILATION_CONDITIONS = DEBUG;
				SWIFT_OPTIMIZATION_LEVEL = "-Onone";
				VERSIONING_SYSTEM = "apple-generic";
				VERSION_INFO_PREFIX = "";
			};
			name = Debug;
		};
		AB16DE7220ACCB5A002EF6E6 /* Release */ = {
			isa = XCBuildConfiguration;
			buildSettings = {
				ALWAYS_SEARCH_USER_PATHS = NO;
				CLANG_ANALYZER_NONNULL = YES;
				CLANG_ANALYZER_NUMBER_OBJECT_CONVERSION = YES_AGGRESSIVE;
				CLANG_CXX_LANGUAGE_STANDARD = "gnu++14";
				CLANG_CXX_LIBRARY = "libc++";
				CLANG_ENABLE_MODULES = YES;
				CLANG_ENABLE_OBJC_ARC = YES;
				CLANG_ENABLE_OBJC_WEAK = YES;
				CLANG_WARN_BLOCK_CAPTURE_AUTORELEASING = YES;
				CLANG_WARN_BOOL_CONVERSION = YES;
				CLANG_WARN_COMMA = YES;
				CLANG_WARN_CONSTANT_CONVERSION = YES;
				CLANG_WARN_DEPRECATED_OBJC_IMPLEMENTATIONS = YES;
				CLANG_WARN_DIRECT_OBJC_ISA_USAGE = YES_ERROR;
				CLANG_WARN_DOCUMENTATION_COMMENTS = YES;
				CLANG_WARN_EMPTY_BODY = YES;
				CLANG_WARN_ENUM_CONVERSION = YES;
				CLANG_WARN_INFINITE_RECURSION = YES;
				CLANG_WARN_INT_CONVERSION = YES;
				CLANG_WARN_NON_LITERAL_NULL_CONVERSION = YES;
				CLANG_WARN_OBJC_IMPLICIT_RETAIN_SELF = YES;
				CLANG_WARN_OBJC_LITERAL_CONVERSION = YES;
				CLANG_WARN_OBJC_ROOT_CLASS = YES_ERROR;
				CLANG_WARN_RANGE_LOOP_ANALYSIS = YES;
				CLANG_WARN_STRICT_PROTOTYPES = YES;
				CLANG_WARN_SUSPICIOUS_MOVE = YES;
				CLANG_WARN_UNGUARDED_AVAILABILITY = YES_AGGRESSIVE;
				CLANG_WARN_UNREACHABLE_CODE = YES;
				CLANG_WARN__DUPLICATE_METHOD_MATCH = YES;
				CODE_SIGN_IDENTITY = "iPhone Developer";
				COPY_PHASE_STRIP = NO;
				CURRENT_PROJECT_VERSION = 1;
				DEBUG_INFORMATION_FORMAT = "dwarf-with-dsym";
				ENABLE_NS_ASSERTIONS = NO;
				ENABLE_STRICT_OBJC_MSGSEND = YES;
				GCC_C_LANGUAGE_STANDARD = gnu11;
				GCC_NO_COMMON_BLOCKS = YES;
				GCC_WARN_64_TO_32_BIT_CONVERSION = YES;
				GCC_WARN_ABOUT_RETURN_TYPE = YES_ERROR;
				GCC_WARN_UNDECLARED_SELECTOR = YES;
				GCC_WARN_UNINITIALIZED_AUTOS = YES_AGGRESSIVE;
				GCC_WARN_UNUSED_FUNCTION = YES;
				GCC_WARN_UNUSED_VARIABLE = YES;
				IPHONEOS_DEPLOYMENT_TARGET = 11.3;
				MTL_ENABLE_DEBUG_INFO = NO;
				SDKROOT = iphoneos;
				SWIFT_COMPILATION_MODE = wholemodule;
				SWIFT_OPTIMIZATION_LEVEL = "-O";
				VALIDATE_PRODUCT = YES;
				VERSIONING_SYSTEM = "apple-generic";
				VERSION_INFO_PREFIX = "";
			};
			name = Release;
		};
		AB16DE7420ACCB5A002EF6E6 /* Debug */ = {
			isa = XCBuildConfiguration;
			buildSettings = {
				CLANG_ENABLE_MODULES = YES;
				CODE_SIGN_IDENTITY = "";
				CODE_SIGN_STYLE = Automatic;
				DEFINES_MODULE = YES;
				DYLIB_COMPATIBILITY_VERSION = 1;
				DYLIB_CURRENT_VERSION = 1;
				DYLIB_INSTALL_NAME_BASE = "@rpath";
				INFOPLIST_FILE = b/Info.plist;
				INSTALL_PATH = "$(LOCAL_LIBRARY_DIR)/Frameworks";
				LD_RUNPATH_SEARCH_PATHS = (
					"$(inherited)",
					"@executable_path/Frameworks",
					"@loader_path/Frameworks",
				);
				PRODUCT_BUNDLE_IDENTIFIER = app.walters.b;
				PRODUCT_NAME = "$(TARGET_NAME:c99extidentifier)";
				SKIP_INSTALL = YES;
				SWIFT_OPTIMIZATION_LEVEL = "-Onone";
				SWIFT_VERSION = 4.0;
				TARGETED_DEVICE_FAMILY = "1,2";
			};
			name = Debug;
		};
		AB16DE7520ACCB5A002EF6E6 /* Release */ = {
			isa = XCBuildConfiguration;
			buildSettings = {
				CLANG_ENABLE_MODULES = YES;
				CODE_SIGN_IDENTITY = "";
				CODE_SIGN_STYLE = Automatic;
				DEFINES_MODULE = YES;
				DYLIB_COMPATIBILITY_VERSION = 1;
				DYLIB_CURRENT_VERSION = 1;
				DYLIB_INSTALL_NAME_BASE = "@rpath";
				INFOPLIST_FILE = b/Info.plist;
				INSTALL_PATH = "$(LOCAL_LIBRARY_DIR)/Frameworks";
				LD_RUNPATH_SEARCH_PATHS = (
					"$(inherited)",
					"@executable_path/Frameworks",
					"@loader_path/Frameworks",
				);
				PRODUCT_BUNDLE_IDENTIFIER = app.walters.b;
				PRODUCT_NAME = "$(TARGET_NAME:c99extidentifier)";
				SKIP_INSTALL = YES;
				SWIFT_VERSION = 4.0;
				TARGETED_DEVICE_FAMILY = "1,2";
			};
			name = Release;
		};
		AB16DE7720ACCB5A002EF6E6 /* Debug */ = {
			isa = XCBuildConfiguration;
			buildSettings = {
				ALWAYS_EMBED_SWIFT_STANDARD_LIBRARIES = YES;
				CODE_SIGN_STYLE = Automatic;
				INFOPLIST_FILE = bTests/Info.plist;
				LD_RUNPATH_SEARCH_PATHS = (
					"$(inherited)",
					"@executable_path/Frameworks",
					"@loader_path/Frameworks",
				);
				PRODUCT_BUNDLE_IDENTIFIER = app.walters.bTests;
				PRODUCT_NAME = "$(TARGET_NAME)";
				SWIFT_VERSION = 4.0;
				TARGETED_DEVICE_FAMILY = "1,2";
			};
			name = Debug;
		};
		AB16DE7820ACCB5A002EF6E6 /* Release */ = {
			isa = XCBuildConfiguration;
			buildSettings = {
				ALWAYS_EMBED_SWIFT_STANDARD_LIBRARIES = YES;
				CODE_SIGN_STYLE = Automatic;
				INFOPLIST_FILE = bTests/Info.plist;
				LD_RUNPATH_SEARCH_PATHS = (
					"$(inherited)",
					"@executable_path/Frameworks",
					"@loader_path/Frameworks",
				);
				PRODUCT_BUNDLE_IDENTIFIER = app.walters.bTests;
				PRODUCT_NAME = "$(TARGET_NAME)";
				SWIFT_VERSION = 4.0;
				TARGETED_DEVICE_FAMILY = "1,2";
			};
			name = Release;
		};
/* End XCBuildConfiguration section */

/* Begin XCConfigurationList section */
		AB16DE5920ACCB59002EF6E6 /* Build configuration list for PBXProject "b" */ = {
			isa = XCConfigurationList;
			buildConfigurations = (
				AB16DE7120ACCB5A002EF6E6 /* Debug */,
				AB16DE7220ACCB5A002EF6E6 /* Release */,
			);
			defaultConfigurationIsVisible = 0;
			defaultConfigurationName = Release;
		};
		AB16DE7320ACCB5A002EF6E6 /* Build configuration list for PBXNativeTarget "b" */ = {
			isa = XCConfigurationList;
			buildConfigurations = (
				AB16DE7420ACCB5A002EF6E6 /* Debug */,
				AB16DE7520ACCB5A002EF6E6 /* Release */,
			);
			defaultConfigurationIsVisible = 0;
			defaultConfigurationName = Release;
		};
		AB16DE7620ACCB5A002EF6E6 /* Build configuration list for PBXNativeTarget "bTests" */ = {
			isa = XCConfigurationList;
			buildConfigurations = (
				AB16DE7720ACCB5A002EF6E6 /* Debug */,
				AB16DE7820ACCB5A002EF6E6 /* Release */,
			);
			defaultConfigurationIsVisible = 0;
			defaultConfigurationName = Release;
		};
/* End XCConfigurationList section */
	};
	rootObject = AB16DE5620ACCB59002EF6E6 /* Project object */;
}
